
Microsoft Visual Studio Solution File, Format Version 11.00
# Visual Studio 2010
Project("{159641D6-6404-4A2A-AE62-294DE0FE8301}") = "Proyecto de Int Serv modeloETL", "Proyecto de Int Serv modeloETL\Proyecto de Int Serv modeloETL.dtproj", "{CE3E6CE1-6ADC-45C9-87E0-BEAF2EC1C53E}"
EndProject
Global
	GlobalSection(SolutionConfigurationPlatforms) = preSolution
		Development|Default = Development|Default
	EndGlobalSection
	GlobalSection(ProjectConfigurationPlatforms) = postSolution
		{CE3E6CE1-6ADC-45C9-87E0-BEAF2EC1C53E}.Development|Default.ActiveCfg = Development
		{CE3E6CE1-6ADC-45C9-87E0-BEAF2EC1C53E}.Development|Default.Build.0 = Development
	EndGlobalSection
	GlobalSection(SolutionProperties) = preSolution
		HideSolutionNode = FALSE
	EndGlobalSection
EndGlobal
